
Microsoft Visual Studio Solution File, Format Version 12.00
# Visual Studio Version 17
VisualStudioVersion = 17.3.32804.467
MinimumVisualStudioVersion = 10.0.40219.1
Project("{FAE04EC0-301F-11D3-BF4B-00C04F79EFBC}") = "OS_Scheduler", "OS_Scheduler\OS_Scheduler.csproj", "{36E368CC-CF91-428A-AA75-F1F5ABE6BB9E}"
EndProject
Global
	GlobalSection(SolutionConfigurationPlatforms) = preSolution
		Debug|Any CPU = Debug|Any CPU
		Release|Any CPU = Release|Any CPU
	EndGlobalSection
	GlobalSection(ProjectConfigurationPlatforms) = postSolution
		{36E368CC-CF91-428A-AA75-F1F5ABE6BB9E}.Debug|Any CPU.ActiveCfg = Debug|Any CPU
		{36E368CC-CF91-428A-AA75-F1F5ABE6BB9E}.Debug|Any CPU.Build.0 = Debug|Any CPU
		{36E368CC-CF91-428A-AA75-F1F5ABE6BB9E}.Release|Any CPU.ActiveCfg = Release|Any CPU
		{36E368CC-CF91-428A-AA75-F1F5ABE6BB9E}.Release|Any CPU.Build.0 = Release|Any CPU
	EndGlobalSection
	GlobalSection(SolutionProperties) = preSolution
		HideSolutionNode = FALSE
	EndGlobalSection
	GlobalSection(ExtensibilityGlobals) = postSolution
		SolutionGuid = {E433307B-7FAE-46CD-890B-FDF3C704C995}
	EndGlobalSection
EndGlobal
